
Microsoft Visual Studio Solution File, Format Version 12.00
# Visual Studio Version 16
VisualStudioVersion = 16.0.28922.388
MinimumVisualStudioVersion = 10.0.40219.1
Project("{2150E333-8FDC-42A3-9474-1A3956D46DE8}") = "Windows", "Windows", "{E4CE94B8-D2BB-4B2B-8478-84BF87710526}"
EndProject
Project("{9A19103F-16F7-4668-BE54-9A1E7A4F7556}") = "BasicCore", "BasicCore\BasicCore.csproj", "{08F40957-8CAC-4C13-B4C8-ABE5F473588F}"
EndProject
Project("{9A19103F-16F7-4668-BE54-9A1E7A4F7556}") = "BasicCoreWin", "BasicCoreWin\BasicCoreWin.csproj", "{002FC7A4-AEC6-459C-ADEC-45E309D1A43D}"
EndProject
Project("{FAE04EC0-301F-11D3-BF4B-00C04F79EFBC}") = "BasicMvcWin", "BasicMvcWin\BasicMvcWin.csproj", "{283DDC9D-0946-420B-B7AB-0F27FB685913}"
EndProject
Project("{9A19103F-16F7-4668-BE54-9A1E7A4F7556}") = "TestDb", "TestDb\TestDb.csproj", "{616F99E6-D5FE-440C-86D3-9C06B4194FE6}"
EndProject
Project("{FAE04EC0-301F-11D3-BF4B-00C04F79EFBC}") = "TestVault", "TestVault\TestVault.csproj", "{0B823CAC-249A-409B-8E7B-02E4CA65C67F}"
EndProject
Global
	GlobalSection(SolutionConfigurationPlatforms) = preSolution
		Debug|Any CPU = Debug|Any CPU
		Release|Any CPU = Release|Any CPU
	EndGlobalSection
	GlobalSection(ProjectConfigurationPlatforms) = postSolution
		{08F40957-8CAC-4C13-B4C8-ABE5F473588F}.Debug|Any CPU.ActiveCfg = Debug|Any CPU
		{08F40957-8CAC-4C13-B4C8-ABE5F473588F}.Debug|Any CPU.Build.0 = Debug|Any CPU
		{08F40957-8CAC-4C13-B4C8-ABE5F473588F}.Release|Any CPU.ActiveCfg = Release|Any CPU
		{08F40957-8CAC-4C13-B4C8-ABE5F473588F}.Release|Any CPU.Build.0 = Release|Any CPU
		{002FC7A4-AEC6-459C-ADEC-45E309D1A43D}.Debug|Any CPU.ActiveCfg = Debug|Any CPU
		{002FC7A4-AEC6-459C-ADEC-45E309D1A43D}.Debug|Any CPU.Build.0 = Debug|Any CPU
		{002FC7A4-AEC6-459C-ADEC-45E309D1A43D}.Release|Any CPU.ActiveCfg = Release|Any CPU
		{002FC7A4-AEC6-459C-ADEC-45E309D1A43D}.Release|Any CPU.Build.0 = Release|Any CPU
		{283DDC9D-0946-420B-B7AB-0F27FB685913}.Debug|Any CPU.ActiveCfg = Debug|Any CPU
		{283DDC9D-0946-420B-B7AB-0F27FB685913}.Debug|Any CPU.Build.0 = Debug|Any CPU
		{283DDC9D-0946-420B-B7AB-0F27FB685913}.Release|Any CPU.ActiveCfg = Release|Any CPU
		{283DDC9D-0946-420B-B7AB-0F27FB685913}.Release|Any CPU.Build.0 = Release|Any CPU
		{616F99E6-D5FE-440C-86D3-9C06B4194FE6}.Debug|Any CPU.ActiveCfg = Debug|Any CPU
		{616F99E6-D5FE-440C-86D3-9C06B4194FE6}.Debug|Any CPU.Build.0 = Debug|Any CPU
		{616F99E6-D5FE-440C-86D3-9C06B4194FE6}.Release|Any CPU.ActiveCfg = Release|Any CPU
		{616F99E6-D5FE-440C-86D3-9C06B4194FE6}.Release|Any CPU.Build.0 = Release|Any CPU
		{0B823CAC-249A-409B-8E7B-02E4CA65C67F}.Debug|Any CPU.ActiveCfg = Debug|Any CPU
		{0B823CAC-249A-409B-8E7B-02E4CA65C67F}.Debug|Any CPU.Build.0 = Debug|Any CPU
		{0B823CAC-249A-409B-8E7B-02E4CA65C67F}.Release|Any CPU.ActiveCfg = Release|Any CPU
		{0B823CAC-249A-409B-8E7B-02E4CA65C67F}.Release|Any CPU.Build.0 = Release|Any CPU
	EndGlobalSection
	GlobalSection(SolutionProperties) = preSolution
		HideSolutionNode = FALSE
	EndGlobalSection
	GlobalSection(NestedProjects) = preSolution
		{002FC7A4-AEC6-459C-ADEC-45E309D1A43D} = {E4CE94B8-D2BB-4B2B-8478-84BF87710526}
		{283DDC9D-0946-420B-B7AB-0F27FB685913} = {E4CE94B8-D2BB-4B2B-8478-84BF87710526}
	EndGlobalSection
	GlobalSection(ExtensibilityGlobals) = postSolution
		SolutionGuid = {1D008707-0FE2-4298-8872-A81239BDC116}
	EndGlobalSection
EndGlobal
